
Microsoft Visual Studio Solution File, Format Version 12.00
# Visual Studio Version 16
VisualStudioVersion = 16.0.30002.166
MinimumVisualStudioVersion = 10.0.40219.1
Project("{FAE04EC0-301F-11D3-BF4B-00C04F79EFBC}") = "RunButton", "RunButton\RunButton.csproj", "{BA20A0A7-D774-4CFB-BAC7-2E5723EDB454}"
EndProject
Project("{FAE04EC0-301F-11D3-BF4B-00C04F79EFBC}") = "Color Palette", "Color Palette\Color Palette.csproj", "{16F97E3D-1FCE-41B8-A9A1-012CFF439344}"
EndProject
Global
	GlobalSection(SolutionConfigurationPlatforms) = preSolution
		Debug|Any CPU = Debug|Any CPU
		Release|Any CPU = Release|Any CPU
	EndGlobalSection
	GlobalSection(ProjectConfigurationPlatforms) = postSolution
		{BA20A0A7-D774-4CFB-BAC7-2E5723EDB454}.Debug|Any CPU.ActiveCfg = Debug|Any CPU
		{BA20A0A7-D774-4CFB-BAC7-2E5723EDB454}.Debug|Any CPU.Build.0 = Debug|Any CPU
		{BA20A0A7-D774-4CFB-BAC7-2E5723EDB454}.Release|Any CPU.ActiveCfg = Release|Any CPU
		{BA20A0A7-D774-4CFB-BAC7-2E5723EDB454}.Release|Any CPU.Build.0 = Release|Any CPU
		{16F97E3D-1FCE-41B8-A9A1-012CFF439344}.Debug|Any CPU.ActiveCfg = Debug|Any CPU
		{16F97E3D-1FCE-41B8-A9A1-012CFF439344}.Debug|Any CPU.Build.0 = Debug|Any CPU
		{16F97E3D-1FCE-41B8-A9A1-012CFF439344}.Release|Any CPU.ActiveCfg = Release|Any CPU
		{16F97E3D-1FCE-41B8-A9A1-012CFF439344}.Release|Any CPU.Build.0 = Release|Any CPU
	EndGlobalSection
	GlobalSection(SolutionProperties) = preSolution
		HideSolutionNode = FALSE
	EndGlobalSection
	GlobalSection(ExtensibilityGlobals) = postSolution
		SolutionGuid = {F17AFF5D-C8CA-47CB-BDC3-0793B4456FD1}
	EndGlobalSection
EndGlobal
